# This file was autogenerated by Stack.
# You should not edit this file by hand.
# For more information, please see the documentation at:
#   https://docs.haskellstack.org/en/stable/lock_files

packages:
- completed:
    hackage: unescaping-print-0.1@sha256:12774feb474d20ac3041d577b6307730c7376127f59bc79612d599a56d5009d8,1397
    pantry-tree:
      sha256: b32edaf8cdef31ef02a0363e629ddf4949a6490777a6a797617f5dd376a46fce
      size: 371
  original:
    hackage: unescaping-print-0.1@sha256:12774feb474d20ac3041d577b6307730c7376127f59bc79612d599a56d5009d8,1397
snapshots:
- completed:
    sha256: 9444fadfa30b67a93080254d53872478c087592ad64443e47c546cdcd13149ae
    size: 678857
    url: https://raw.githubusercontent.com/commercialhaskell/stackage-snapshots/master/lts/23/0.yaml
  original:
    url: https://raw.githubusercontent.com/commercialhaskell/stackage-snapshots/master/lts/23/0.yaml
